
Microsoft Visual Studio Solution File, Format Version 12.00
# Visual Studio Version 17
VisualStudioVersion = 17.9.34902.65
MinimumVisualStudioVersion = 10.0.40219.1
Project("{FAE04EC0-301F-11D3-BF4B-00C04F79EFBC}") = "CWProje", "CWProje\CWProje.csproj", "{AE4FC855-DD92-4C5A-981B-0EF07FEA4431}"
EndProject
Global
	GlobalSection(SolutionConfigurationPlatforms) = preSolution
		Debug|Any CPU = Debug|Any CPU
		Release|Any CPU = Release|Any CPU
	EndGlobalSection
	GlobalSection(ProjectConfigurationPlatforms) = postSolution
		{AE4FC855-DD92-4C5A-981B-0EF07FEA4431}.Debug|Any CPU.ActiveCfg = Debug|Any CPU
		{AE4FC855-DD92-4C5A-981B-0EF07FEA4431}.Debug|Any CPU.Build.0 = Debug|Any CPU
		{AE4FC855-DD92-4C5A-981B-0EF07FEA4431}.Release|Any CPU.ActiveCfg = Release|Any CPU
		{AE4FC855-DD92-4C5A-981B-0EF07FEA4431}.Release|Any CPU.Build.0 = Release|Any CPU
	EndGlobalSection
	GlobalSection(SolutionProperties) = preSolution
		HideSolutionNode = FALSE
	EndGlobalSection
	GlobalSection(ExtensibilityGlobals) = postSolution
		SolutionGuid = {8448B351-9F0D-4C9A-A2F9-A17CA7081C31}
	EndGlobalSection
EndGlobal
